Microsoft Visual Studio Solution File, Format Version 12.00
# Visual Studio Version 16
VisualStudioVersion = 16.0.29230.47
MinimumVisualStudioVersion = 15.0.26124.0
Project("{2150E333-8FDC-42A3-9474-1A3956D46DE8}") = "src", "src", "{D176847B-319F-4E09-B14A-17714D7813E1}"
EndProject
Project("{9A19103F-16F7-4668-BE54-9A1E7A4F7556}") = "Tragate.Application", "src\Tragate.Application\Tragate.Application.csproj", "{6E25F644-6436-4ED3-9AAF-5130C38DE7A6}"
EndProject
Project("{9A19103F-16F7-4668-BE54-9A1E7A4F7556}") = "Tragate.Common.Library", "src\Tragate.Common.Library\Tragate.Common.Library.csproj", "{09478B28-EC24-4EF1-9A21-2B648A0D2392}"
EndProject
Project("{9A19103F-16F7-4668-BE54-9A1E7A4F7556}") = "Tragate.Crosscutting", "src\Tragate.Crosscutting\Tragate.Crosscutting.csproj", "{C8BC5F16-1B44-47B6-A40A-17FE5809E063}"
EndProject
Project("{9A19103F-16F7-4668-BE54-9A1E7A4F7556}") = "Tragate.Domain", "src\Tragate.Domain\Tragate.Domain.csproj", "{4F34FA9C-36A1-4DD3-97AE-5DB00961F436}"
EndProject
Project("{9A19103F-16F7-4668-BE54-9A1E7A4F7556}") = "Tragate.Domain.Core", "src\Tragate.Domain.Core\Tragate.Domain.Core.csproj", "{F79A18B3-59B5-4E73-8337-863E2A4A0995}"
EndProject
Project("{9A19103F-16F7-4668-BE54-9A1E7A4F7556}") = "Tragate.Infra.Data", "src\Tragate.Infra.Data\Tragate.Infra.Data.csproj", "{693C48C0-D821-406C-A262-04471D62A25C}"
EndProject
Project("{9A19103F-16F7-4668-BE54-9A1E7A4F7556}") = "Tragate.Tests", "src\Tragate.Tests\Tragate.Tests.csproj", "{F07257BD-7DF0-49FE-8C0F-9EA60E4B5259}"
EndProject
Project("{9A19103F-16F7-4668-BE54-9A1E7A4F7556}") = "Tragate.WebApi", "src\Tragate.WebApi\Tragate.WebApi.csproj", "{92D089E0-EEB8-45DA-AABF-79F8A70EAB58}"
EndProject
Global
	GlobalSection(SolutionConfigurationPlatforms) = preSolution
		Debug|Any CPU = Debug|Any CPU
		Debug|x64 = Debug|x64
		Debug|x86 = Debug|x86
		Release|Any CPU = Release|Any CPU
		Release|x64 = Release|x64
		Release|x86 = Release|x86
	EndGlobalSection
	GlobalSection(ProjectConfigurationPlatforms) = postSolution
		{6E25F644-6436-4ED3-9AAF-5130C38DE7A6}.Debug|Any CPU.ActiveCfg = Debug|Any CPU
		{6E25F644-6436-4ED3-9AAF-5130C38DE7A6}.Debug|Any CPU.Build.0 = Debug|Any CPU
		{6E25F644-6436-4ED3-9AAF-5130C38DE7A6}.Debug|x64.ActiveCfg = Debug|Any CPU
		{6E25F644-6436-4ED3-9AAF-5130C38DE7A6}.Debug|x64.Build.0 = Debug|Any CPU
		{6E25F644-6436-4ED3-9AAF-5130C38DE7A6}.Debug|x86.ActiveCfg = Debug|Any CPU
		{6E25F644-6436-4ED3-9AAF-5130C38DE7A6}.Debug|x86.Build.0 = Debug|Any CPU
		{6E25F644-6436-4ED3-9AAF-5130C38DE7A6}.Release|Any CPU.ActiveCfg = Release|Any CPU
		{6E25F644-6436-4ED3-9AAF-5130C38DE7A6}.Release|Any CPU.Build.0 = Release|Any CPU
		{6E25F644-6436-4ED3-9AAF-5130C38DE7A6}.Release|x64.ActiveCfg = Release|Any CPU
		{6E25F644-6436-4ED3-9AAF-5130C38DE7A6}.Release|x64.Build.0 = Release|Any CPU
		{6E25F644-6436-4ED3-9AAF-5130C38DE7A6}.Release|x86.ActiveCfg = Release|Any CPU
		{6E25F644-6436-4ED3-9AAF-5130C38DE7A6}.Release|x86.Build.0 = Release|Any CPU
		{09478B28-EC24-4EF1-9A21-2B648A0D2392}.Debug|Any CPU.ActiveCfg = Debug|Any CPU
		{09478B28-EC24-4EF1-9A21-2B648A0D2392}.Debug|Any CPU.Build.0 = Debug|Any CPU
		{09478B28-EC24-4EF1-9A21-2B648A0D2392}.Debug|x64.ActiveCfg = Debug|Any CPU
		{09478B28-EC24-4EF1-9A21-2B648A0D2392}.Debug|x64.Build.0 = Debug|Any CPU
		{09478B28-EC24-4EF1-9A21-2B648A0D2392}.Debug|x86.ActiveCfg = Debug|Any CPU
		{09478B28-EC24-4EF1-9A21-2B648A0D2392}.Debug|x86.Build.0 = Debug|Any CPU
		{09478B28-EC24-4EF1-9A21-2B648A0D2392}.Release|Any CPU.ActiveCfg = Release|Any CPU
		{09478B28-EC24-4EF1-9A21-2B648A0D2392}.Release|Any CPU.Build.0 = Release|Any CPU
		{09478B28-EC24-4EF1-9A21-2B648A0D2392}.Release|x64.ActiveCfg = Release|Any CPU
		{09478B28-EC24-4EF1-9A21-2B648A0D2392}.Release|x64.Build.0 = Release|Any CPU
		{09478B28-EC24-4EF1-9A21-2B648A0D2392}.Release|x86.ActiveCfg = Release|Any CPU
		{09478B28-EC24-4EF1-9A21-2B648A0D2392}.Release|x86.Build.0 = Release|Any CPU
		{C8BC5F16-1B44-47B6-A40A-17FE5809E063}.Debug|Any CPU.ActiveCfg = Debug|Any CPU
		{C8BC5F16-1B44-47B6-A40A-17FE5809E063}.Debug|Any CPU.Build.0 = Debug|Any CPU
		{C8BC5F16-1B44-47B6-A40A-17FE5809E063}.Debug|x64.ActiveCfg = Debug|Any CPU
		{C8BC5F16-1B44-47B6-A40A-17FE5809E063}.Debug|x64.Build.0 = Debug|Any CPU
		{C8BC5F16-1B44-47B6-A40A-17FE5809E063}.Debug|x86.ActiveCfg = Debug|Any CPU
		{C8BC5F16-1B44-47B6-A40A-17FE5809E063}.Debug|x86.Build.0 = Debug|Any CPU
		{C8BC5F16-1B44-47B6-A40A-17FE5809E063}.Release|Any CPU.ActiveCfg = Release|Any CPU
		{C8BC5F16-1B44-47B6-A40A-17FE5809E063}.Release|Any CPU.Build.0 = Release|Any CPU
		{C8BC5F16-1B44-47B6-A40A-17FE5809E063}.Release|x64.ActiveCfg = Release|Any CPU
		{C8BC5F16-1B44-47B6-A40A-17FE5809E063}.Release|x64.Build.0 = Release|Any CPU
		{C8BC5F16-1B44-47B6-A40A-17FE5809E063}.Release|x86.ActiveCfg = Release|Any CPU
		{C8BC5F16-1B44-47B6-A40A-17FE5809E063}.Release|x86.Build.0 = Release|Any CPU
		{4F34FA9C-36A1-4DD3-97AE-5DB00961F436}.Debug|Any CPU.ActiveCfg = Debug|Any CPU
		{4F34FA9C-36A1-4DD3-97AE-5DB00961F436}.Debug|Any CPU.Build.0 = Debug|Any CPU
		{4F34FA9C-36A1-4DD3-97AE-5DB00961F436}.Debug|x64.ActiveCfg = Debug|Any CPU
		{4F34FA9C-36A1-4DD3-97AE-5DB00961F436}.Debug|x64.Build.0 = Debug|Any CPU
		{4F34FA9C-36A1-4DD3-97AE-5DB00961F436}.Debug|x86.ActiveCfg = Debug|Any CPU
		{4F34FA9C-36A1-4DD3-97AE-5DB00961F436}.Debug|x86.Build.0 = Debug|Any CPU
		{4F34FA9C-36A1-4DD3-97AE-5DB00961F436}.Release|Any CPU.ActiveCfg = Release|Any CPU
		{4F34FA9C-36A1-4DD3-97AE-5DB00961F436}.Release|Any CPU.Build.0 = Release|Any CPU
		{4F34FA9C-36A1-4DD3-97AE-5DB00961F436}.Release|x64.ActiveCfg = Release|Any CPU
		{4F34FA9C-36A1-4DD3-97AE-5DB00961F436}.Release|x64.Build.0 = Release|Any CPU
		{4F34FA9C-36A1-4DD3-97AE-5DB00961F436}.Release|x86.ActiveCfg = Release|Any CPU
		{4F34FA9C-36A1-4DD3-97AE-5DB00961F436}.Release|x86.Build.0 = Release|Any CPU
		{F79A18B3-59B5-4E73-8337-863E2A4A0995}.Debug|Any CPU.ActiveCfg = Debug|Any CPU
		{F79A18B3-59B5-4E73-8337-863E2A4A0995}.Debug|Any CPU.Build.0 = Debug|Any CPU
		{F79A18B3-59B5-4E73-8337-863E2A4A0995}.Debug|x64.ActiveCfg = Debug|Any CPU
		{F79A18B3-59B5-4E73-8337-863E2A4A0995}.Debug|x64.Build.0 = Debug|Any CPU
		{F79A18B3-59B5-4E73-8337-863E2A4A0995}.Debug|x86.ActiveCfg = Debug|Any CPU
		{F79A18B3-59B5-4E73-8337-863E2A4A0995}.Debug|x86.Build.0 = Debug|Any CPU
		{F79A18B3-59B5-4E73-8337-863E2A4A0995}.Release|Any CPU.ActiveCfg = Release|Any CPU
		{F79A18B3-59B5-4E73-8337-863E2A4A0995}.Release|Any CPU.Build.0 = Release|Any CPU
		{F79A18B3-59B5-4E73-8337-863E2A4A0995}.Release|x64.ActiveCfg = Release|Any CPU
		{F79A18B3-59B5-4E73-8337-863E2A4A0995}.Release|x64.Build.0 = Release|Any CPU
		{F79A18B3-59B5-4E73-8337-863E2A4A0995}.Release|x86.ActiveCfg = Release|Any CPU
		{F79A18B3-59B5-4E73-8337-863E2A4A0995}.Release|x86.Build.0 = Release|Any CPU
		{693C48C0-D821-406C-A262-04471D62A25C}.Debug|Any CPU.ActiveCfg = Debug|Any CPU
		{693C48C0-D821-406C-A262-04471D62A25C}.Debug|Any CPU.Build.0 = Debug|Any CPU
		{693C48C0-D821-406C-A262-04471D62A25C}.Debug|x64.ActiveCfg = Debug|Any CPU
		{693C48C0-D821-406C-A262-04471D62A25C}.Debug|x64.Build.0 = Debug|Any CPU
		{693C48C0-D821-406C-A262-04471D62A25C}.Debug|x86.ActiveCfg = Debug|Any CPU
		{693C48C0-D821-406C-A262-04471D62A25C}.Debug|x86.Build.0 = Debug|Any CPU
		{693C48C0-D821-406C-A262-04471D62A25C}.Release|Any CPU.ActiveCfg = Release|Any CPU
		{693C48C0-D821-406C-A262-04471D62A25C}.Release|Any CPU.Build.0 = Release|Any CPU
		{693C48C0-D821-406C-A262-04471D62A25C}.Release|x64.ActiveCfg = Release|Any CPU
		{693C48C0-D821-406C-A262-04471D62A25C}.Release|x64.Build.0 = Release|Any CPU
		{693C48C0-D821-406C-A262-04471D62A25C}.Release|x86.ActiveCfg = Release|Any CPU
		{693C48C0-D821-406C-A262-04471D62A25C}.Release|x86.Build.0 = Release|Any CPU
		{F07257BD-7DF0-49FE-8C0F-9EA60E4B5259}.Debug|Any CPU.ActiveCfg = Debug|Any CPU
		{F07257BD-7DF0-49FE-8C0F-9EA60E4B5259}.Debug|Any CPU.Build.0 = Debug|Any CPU
		{F07257BD-7DF0-49FE-8C0F-9EA60E4B5259}.Debug|x64.ActiveCfg = Debug|Any CPU
		{F07257BD-7DF0-49FE-8C0F-9EA60E4B5259}.Debug|x64.Build.0 = Debug|Any CPU
		{F07257BD-7DF0-49FE-8C0F-9EA60E4B5259}.Debug|x86.ActiveCfg = Debug|Any CPU
		{F07257BD-7DF0-49FE-8C0F-9EA60E4B5259}.Debug|x86.Build.0 = Debug|Any CPU
		{F07257BD-7DF0-49FE-8C0F-9EA60E4B5259}.Release|Any CPU.ActiveCfg = Release|Any CPU
		{F07257BD-7DF0-49FE-8C0F-9EA60E4B5259}.Release|Any CPU.Build.0 = Release|Any CPU
		{F07257BD-7DF0-49FE-8C0F-9EA60E4B5259}.Release|x64.ActiveCfg = Release|Any CPU
		{F07257BD-7DF0-49FE-8C0F-9EA60E4B5259}.Release|x64.Build.0 = Release|Any CPU
		{F07257BD-7DF0-49FE-8C0F-9EA60E4B5259}.Release|x86.ActiveCfg = Release|Any CPU
		{F07257BD-7DF0-49FE-8C0F-9EA60E4B5259}.Release|x86.Build.0 = Release|Any CPU
		{92D089E0-EEB8-45DA-AABF-79F8A70EAB58}.Debug|Any CPU.ActiveCfg = Debug|Any CPU
		{92D089E0-EEB8-45DA-AABF-79F8A70EAB58}.Debug|Any CPU.Build.0 = Debug|Any CPU
		{92D089E0-EEB8-45DA-AABF-79F8A70EAB58}.Debug|x64.ActiveCfg = Debug|Any CPU
		{92D089E0-EEB8-45DA-AABF-79F8A70EAB58}.Debug|x64.Build.0 = Debug|Any CPU
		{92D089E0-EEB8-45DA-AABF-79F8A70EAB58}.Debug|x86.ActiveCfg = Debug|Any CPU
		{92D089E0-EEB8-45DA-AABF-79F8A70EAB58}.Debug|x86.Build.0 = Debug|Any CPU
		{92D089E0-EEB8-45DA-AABF-79F8A70EAB58}.Release|Any CPU.ActiveCfg = Release|Any CPU
		{92D089E0-EEB8-45DA-AABF-79F8A70EAB58}.Release|Any CPU.Build.0 = Release|Any CPU
		{92D089E0-EEB8-45DA-AABF-79F8A70EAB58}.Release|x64.ActiveCfg = Release|Any CPU
		{92D089E0-EEB8-45DA-AABF-79F8A70EAB58}.Release|x64.Build.0 = Release|Any CPU
		{92D089E0-EEB8-45DA-AABF-79F8A70EAB58}.Release|x86.ActiveCfg = Release|Any CPU
		{92D089E0-EEB8-45DA-AABF-79F8A70EAB58}.Release|x86.Build.0 = Release|Any CPU
	EndGlobalSection
	GlobalSection(SolutionProperties) = preSolution
		HideSolutionNode = FALSE
	EndGlobalSection
	GlobalSection(NestedProjects) = preSolution
		{6E25F644-6436-4ED3-9AAF-5130C38DE7A6} = {D176847B-319F-4E09-B14A-17714D7813E1}
		{09478B28-EC24-4EF1-9A21-2B648A0D2392} = {D176847B-319F-4E09-B14A-17714D7813E1}
		{C8BC5F16-1B44-47B6-A40A-17FE5809E063} = {D176847B-319F-4E09-B14A-17714D7813E1}
		{4F34FA9C-36A1-4DD3-97AE-5DB00961F436} = {D176847B-319F-4E09-B14A-17714D7813E1}
		{F79A18B3-59B5-4E73-8337-863E2A4A0995} = {D176847B-319F-4E09-B14A-17714D7813E1}
		{693C48C0-D821-406C-A262-04471D62A25C} = {D176847B-319F-4E09-B14A-17714D7813E1}
		{F07257BD-7DF0-49FE-8C0F-9EA60E4B5259} = {D176847B-319F-4E09-B14A-17714D7813E1}
		{92D089E0-EEB8-45DA-AABF-79F8A70EAB58} = {D176847B-319F-4E09-B14A-17714D7813E1}
	EndGlobalSection
	GlobalSection(ExtensibilityGlobals) = postSolution
		SolutionGuid = {0D4B06CB-BA73-41DF-AA42-4F83051E9DA8}
	EndGlobalSection
EndGlobal
